// !$*UTF8*$!
{
	archiveVersion = 1;
	classes = {
	};
	objectVersion = 56;
	objects = {

/* Begin PBXBuildFile section */
		39C7B94529453EA700A337DE /* AppDelegate.swift in Sources */ = {isa = PBXBuildFile; fileRef = 39C7B94429453EA700A337DE /* AppDelegate.swift */; };
		39C7B94729453EA700A337DE /* SceneDelegate.swift in Sources */ = {isa = PBXBuildFile; fileRef = 39C7B94629453EA700A337DE /* SceneDelegate.swift */; };
		39C7B94929453EA700A337DE /* ViewController.swift in Sources */ = {isa = PBXBuildFile; fileRef = 39C7B94829453EA700A337DE /* ViewController.swift */; };
		39C7B94C29453EA700A337DE /* Main.storyboard in Resources */ = {isa = PBXBuildFile; fileRef = 39C7B94A29453EA700A337DE /* Main.storyboard */; };
		39C7B94E29453EA900A337DE /* Assets.xcassets in Resources */ = {isa = PBXBuildFile; fileRef = 39C7B94D29453EA900A337DE /* Assets.xcassets */; };
		39C7B95129453EA900A337DE /* LaunchScreen.storyboard in Resources */ = {isa = PBXBuildFile; fileRef = 39C7B94F29453EA900A337DE /* LaunchScreen.storyboard */; };
		39C7B959294542A100A337DE /* DetailsViewController.swift in Sources */ = {isa = PBXBuildFile; fileRef = 39C7B958294542A100A337DE /* DetailsViewController.swift */; };
		39C7B95B2945545200A337DE /* Stock.swift in Sources */ = {isa = PBXBuildFile; fileRef = 39C7B95A2945545200A337DE /* Stock.swift */; };
		90D00C2A2E6133F87551762D /* Pods_GetStockPrices.framework in Frameworks */ = {isa = PBXBuildFile; fileRef = C15FADF6DD1E8FF2D5998FB3 /* Pods_GetStockPrices.framework */; };
/* End PBXBuildFile section */

/* Begin PBXContainerItemProxy section */
		3987212A29455EF700FB0F94 /* PBXContainerItemProxy */ = {
			isa = PBXContainerItemProxy;
			containerPortal = 39C7B97E29455BF300A337DE /* Pods.xcodeproj */;
			proxyType = 2;
			remoteGlobalIDString = 5D797E9A5C5782CE845840781FA1CC81;
			remoteInfo = Alamofire;
		};
		3987212C29455EF700FB0F94 /* PBXContainerItemProxy */ = {
			isa = PBXContainerItemProxy;
			containerPortal = 39C7B97E29455BF300A337DE /* Pods.xcodeproj */;
			proxyType = 2;
			remoteGlobalIDString = 0F318FDA3F2A8C8DFB5882AA864EEDB8;
			remoteInfo = "Pods-GetStockPrices";
		};
		3987212E29455EF700FB0F94 /* PBXContainerItemProxy */ = {
			isa = PBXContainerItemProxy;
			containerPortal = 39C7B97E29455BF300A337DE /* Pods.xcodeproj */;
			proxyType = 2;
			remoteGlobalIDString = 0C6496C31855334E353C2F02D98D6231;
			remoteInfo = SwiftSpinner;
		};
		3987213029455EF700FB0F94 /* PBXContainerItemProxy */ = {
			isa = PBXContainerItemProxy;
			containerPortal = 39C7B97E29455BF300A337DE /* Pods.xcodeproj */;
			proxyType = 2;
			remoteGlobalIDString = E23C076BA70925415F490FEDB215DA92;
			remoteInfo = SwiftyJSON;
		};
/* End PBXContainerItemProxy section */

/* Begin PBXFileReference section */
		39C7B94129453EA700A337DE /* GetStockPrices.app */ = {isa = PBXFileReference; explicitFileType = wrapper.application; includeInIndex = 0; path = GetStockPrices.app; sourceTree = BUILT_PRODUCTS_DIR; };
		39C7B94429453EA700A337DE /* AppDelegate.swift */ = {isa = PBXFileReference; lastKnownFileType = sourcecode.swift; path = AppDelegate.swift; sourceTree = "<group>"; };
		39C7B94629453EA700A337DE /* SceneDelegate.swift */ = {isa = PBXFileReference; lastKnownFileType = sourcecode.swift; path = SceneDelegate.swift; sourceTree = "<group>"; };
		39C7B94829453EA700A337DE /* ViewController.swift */ = {isa = PBXFileReference; lastKnownFileType = sourcecode.swift; path = ViewController.swift; sourceTree = "<group>"; };
		39C7B94B29453EA700A337DE /* Base */ = {isa = PBXFileReference; lastKnownFileType = file.storyboard; name = Base; path = Base.lproj/Main.storyboard; sourceTree = "<group>"; };
		39C7B94D29453EA900A337DE /* Assets.xcassets */ = {isa = PBXFileReference; lastKnownFileType = folder.assetcatalog; path = Assets.xcassets; sourceTree = "<group>"; };
		39C7B95029453EA900A337DE /* Base */ = {isa = PBXFileReference; lastKnownFileType = file.storyboard; name = Base; path = Base.lproj/LaunchScreen.storyboard; sourceTree = "<group>"; };
		39C7B95229453EA900A337DE /* Info.plist */ = {isa = PBXFileReference; lastKnownFileType = text.plist.xml; path = Info.plist; sourceTree = "<group>"; };
		39C7B958294542A100A337DE /* DetailsViewController.swift */ = {isa = PBXFileReference; lastKnownFileType = sourcecode.swift; path = DetailsViewController.swift; sourceTree = "<group>"; };
		39C7B95A2945545200A337DE /* Stock.swift */ = {isa = PBXFileReference; lastKnownFileType = sourcecode.swift; path = Stock.swift; sourceTree = "<group>"; };
		39C7B97E29455BF300A337DE /* Pods.xcodeproj */ = {isa = PBXFileReference; lastKnownFileType = "wrapper.pb-project"; name = Pods.xcodeproj; path = Pods/Pods.xcodeproj; sourceTree = "<group>"; };
		8B8B75DEBE30E3C84C66C77E /* Pods-GetStockPrices.release.xcconfig */ = {isa = PBXFileReference; includeInIndex = 1; lastKnownFileType = text.xcconfig; name = "Pods-GetStockPrices.release.xcconfig"; path = "Target Support Files/Pods-GetStockPrices/Pods-GetStockPrices.release.xcconfig"; sourceTree = "<group>"; };
		C15FADF6DD1E8FF2D5998FB3 /* Pods_GetStockPrices.framework */ = {isa = PBXFileReference; explicitFileType = wrapper.framework; includeInIndex = 0; path = Pods_GetStockPrices.framework; sourceTree = BUILT_PRODUCTS_DIR; };
		F1F03D05F23A5D4091BDB721 /* Pods-GetStockPrices.debug.xcconfig */ = {isa = PBXFileReference; includeInIndex = 1; lastKnownFileType = text.xcconfig; name = "Pods-GetStockPrices.debug.xcconfig"; path = "Target Support Files/Pods-GetStockPrices/Pods-GetStockPrices.debug.xcconfig"; sourceTree = "<group>"; };
/* End PBXFileReference section */

/* Begin PBXFrameworksBuildPhase section */
		39C7B93E29453EA700A337DE /* Frameworks */ = {
			isa = PBXFrameworksBuildPhase;
			buildActionMask = 2147483647;
			files = (
				90D00C2A2E6133F87551762D /* Pods_GetStockPrices.framework in Frameworks */,
			);
			runOnlyForDeploymentPostprocessing = 0;
		};
/* End PBXFrameworksBuildPhase section */

/* Begin PBXGroup section */
		3987212429455EF500FB0F94 /* Products */ = {
			isa = PBXGroup;
			children = (
				3987212B29455EF700FB0F94 /* Alamofire */,
				3987212D29455EF700FB0F94 /* Pods-GetStockPrices */,
				3987212F29455EF700FB0F94 /* SwiftSpinner */,
				3987213129455EF700FB0F94 /* SwiftyJSON */,
			);
			name = Products;
			sourceTree = "<group>";
		};
		39C7B93829453EA700A337DE = {
			isa = PBXGroup;
			children = (
				39C7B94329453EA700A337DE /* GetStockPrices */,
				39C7B94229453EA700A337DE /* Products */,
				668AD2F023E2EF62909BF5D8 /* Pods */,
				449DCCD300006FFA16807A66 /* Frameworks */,
				39C7B97E29455BF300A337DE /* Pods.xcodeproj */,
			);
			sourceTree = "<group>";
		};
		39C7B94229453EA700A337DE /* Products */ = {
			isa = PBXGroup;
			children = (
				39C7B94129453EA700A337DE /* GetStockPrices.app */,
			);
			name = Products;
			sourceTree = "<group>";
		};
		39C7B94329453EA700A337DE /* GetStockPrices */ = {
			isa = PBXGroup;
			children = (
				39C7B94429453EA700A337DE /* AppDelegate.swift */,
				39C7B94629453EA700A337DE /* SceneDelegate.swift */,
				39C7B94829453EA700A337DE /* ViewController.swift */,
				39C7B94A29453EA700A337DE /* Main.storyboard */,
				39C7B94D29453EA900A337DE /* Assets.xcassets */,
				39C7B94F29453EA900A337DE /* LaunchScreen.storyboard */,
				39C7B95229453EA900A337DE /* Info.plist */,
				39C7B958294542A100A337DE /* DetailsViewController.swift */,
				39C7B95A2945545200A337DE /* Stock.swift */,
			);
			path = GetStockPrices;
			sourceTree = "<group>";
		};
		449DCCD300006FFA16807A66 /* Frameworks */ = {
			isa = PBXGroup;
			children = (
				C15FADF6DD1E8FF2D5998FB3 /* Pods_GetStockPrices.framework */,
			);
			name = Frameworks;
			sourceTree = "<group>";
		};
		668AD2F023E2EF62909BF5D8 /* Pods */ = {
			isa = PBXGroup;
			children = (
				F1F03D05F23A5D4091BDB721 /* Pods-GetStockPrices.debug.xcconfig */,
				8B8B75DEBE30E3C84C66C77E /* Pods-GetStockPrices.release.xcconfig */,
			);
			path = Pods;
			sourceTree = "<group>";
		};
/* End PBXGroup section */

/* Begin PBXNativeTarget section */
		39C7B94029453EA700A337DE /* GetStockPrices */ = {
			isa = PBXNativeTarget;
			buildConfigurationList = 39C7B95529453EA900A337DE /* Build configuration list for PBXNativeTarget "GetStockPrices" */;
			buildPhases = (
				A193E223D8A83469AA676E3E /* [CP] Check Pods Manifest.lock */,
				39C7B93D29453EA700A337DE /* Sources */,
				39C7B93E29453EA700A337DE /* Frameworks */,
				39C7B93F29453EA700A337DE /* Resources */,
				81A44EB8386C4723DB059B81 /* [CP] Embed Pods Frameworks */,
			);
			buildRules = (
			);
			dependencies = (
			);
			name = GetStockPrices;
			productName = GetStockPrices;
			productReference = 39C7B94129453EA700A337DE /* GetStockPrices.app */;
			productType = "com.apple.product-type.application";
		};
/* End PBXNativeTarget section */

/* Begin PBXProject section */
		39C7B93929453EA700A337DE /* Project object */ = {
			isa = PBXProject;
			attributes = {
				BuildIndependentTargetsInParallel = 1;
				LastSwiftUpdateCheck = 1400;
				LastUpgradeCheck = 1400;
				TargetAttributes = {
					39C7B94029453EA700A337DE = {
						CreatedOnToolsVersion = 14.0;
					};
				};
			};
			buildConfigurationList = 39C7B93C29453EA700A337DE /* Build configuration list for PBXProject "GetStockPrices" */;
			compatibilityVersion = "Xcode 14.0";
			developmentRegion = en;
			hasScannedForEncodings = 0;
			knownRegions = (
				en,
				Base,
			);
			mainGroup = 39C7B93829453EA700A337DE;
			productRefGroup = 39C7B94229453EA700A337DE /* Products */;
			projectDirPath = "";
			projectReferences = (
				{
					ProductGroup = 3987212429455EF500FB0F94 /* Products */;
					ProjectRef = 39C7B97E29455BF300A337DE /* Pods.xcodeproj */;
				},
			);
			projectRoot = "";
			targets = (
				39C7B94029453EA700A337DE /* GetStockPrices */,
			);
		};
/* End PBXProject section */

/* Begin PBXReferenceProxy section */
		3987212B29455EF700FB0F94 /* Alamofire */ = {
			isa = PBXReferenceProxy;
			fileType = wrapper.framework;
			name = Alamofire;
			path = Alamofire.framework;
			remoteRef = 3987212A29455EF700FB0F94 /* PBXContainerItemProxy */;
			sourceTree = BUILT_PRODUCTS_DIR;
		};
		3987212D29455EF700FB0F94 /* Pods-GetStockPrices */ = {
			isa = PBXReferenceProxy;
			fileType = wrapper.framework;
			name = "Pods-GetStockPrices";
			path = Pods_GetStockPrices.framework;
			remoteRef = 3987212C29455EF700FB0F94 /* PBXContainerItemProxy */;
			sourceTree = BUILT_PRODUCTS_DIR;
		};
		3987212F29455EF700FB0F94 /* SwiftSpinner */ = {
			isa = PBXReferenceProxy;
			fileType = wrapper.framework;
			name = SwiftSpinner;
			path = SwiftSpinner.framework;
			remoteRef = 3987212E29455EF700FB0F94 /* PBXContainerItemProxy */;
			sourceTree = BUILT_PRODUCTS_DIR;
		};
		3987213129455EF700FB0F94 /* SwiftyJSON */ = {
			isa = PBXReferenceProxy;
			fileType = wrapper.framework;
			name = SwiftyJSON;
			path = SwiftyJSON.framework;
			remoteRef = 3987213029455EF700FB0F94 /* PBXContainerItemProxy */;
			sourceTree = BUILT_PRODUCTS_DIR;
		};
/* End PBXReferenceProxy section */

/* Begin PBXResourcesBuildPhase section */
		39C7B93F29453EA700A337DE /* Resources */ = {
			isa = PBXResourcesBuildPhase;
			buildActionMask = 2147483647;
			files = (
				39C7B95129453EA900A337DE /* LaunchScreen.storyboard in Resources */,
				39C7B94E29453EA900A337DE /* Assets.xcassets in Resources */,
				39C7B94C29453EA700A337DE /* Main.storyboard in Resources */,
			);
			runOnlyForDeploymentPostprocessing = 0;
		};
/* End PBXResourcesBuildPhase section */

/* Begin PBXShellScriptBuildPhase section */
		81A44EB8386C4723DB059B81 /* [CP] Embed Pods Frameworks */ = {
			isa = PBXShellScriptBuildPhase;
			buildActionMask = 2147483647;
			files = (
			);
			inputFileListPaths = (
				"${PODS_ROOT}/Target Support Files/Pods-GetStockPrices/Pods-GetStockPrices-frameworks-${CONFIGURATION}-input-files.xcfilelist",
			);
			name = "[CP] Embed Pods Frameworks";
			outputFileListPaths = (
				"${PODS_ROOT}/Target Support Files/Pods-GetStockPrices/Pods-GetStockPrices-frameworks-${CONFIGURATION}-output-files.xcfilelist",
			);
			runOnlyForDeploymentPostprocessing = 0;
			shellPath = /bin/sh;
			shellScript = "\"${PODS_ROOT}/Target Support Files/Pods-GetStockPrices/Pods-GetStockPrices-frameworks.sh\"\n";
			showEnvVarsInLog = 0;
		};
		A193E223D8A83469AA676E3E /* [CP] Check Pods Manifest.lock */ = {
			isa = PBXShellScriptBuildPhase;
			buildActionMask = 2147483647;
			files = (
			);
			inputFileListPaths = (
			);
			inputPaths = (
				"${PODS_PODFILE_DIR_PATH}/Podfile.lock",
				"${PODS_ROOT}/Manifest.lock",
			);
			name = "[CP] Check Pods Manifest.lock";
			outputFileListPaths = (
			);
			outputPaths = (
				"$(DERIVED_FILE_DIR)/Pods-GetStockPrices-checkManifestLockResult.txt",
			);
			runOnlyForDeploymentPostprocessing = 0;
			shellPath = /bin/sh;
			shellScript = "diff \"${PODS_PODFILE_DIR_PATH}/Podfile.lock\" \"${PODS_ROOT}/Manifest.lock\" > /dev/null\nif [ $? != 0 ] ; then\n    # print error to STDERR\n    echo \"error: The sandbox is not in sync with the Podfile.lock. Run 'pod install' or update your CocoaPods installation.\" >&2\n    exit 1\nfi\n# This output is used by Xcode 'outputs' to avoid re-running this script phase.\necho \"SUCCESS\" > \"${SCRIPT_OUTPUT_FILE_0}\"\n";
			showEnvVarsInLog = 0;
		};
/* End PBXShellScriptBuildPhase section */

/* Begin PBXSourcesBuildPhase section */
		39C7B93D29453EA700A337DE /* Sources */ = {
			isa = PBXSourcesBuildPhase;
			buildActionMask = 2147483647;
			files = (
				39C7B94929453EA700A337DE /* ViewController.swift in Sources */,
				39C7B94529453EA700A337DE /* AppDelegate.swift in Sources */,
				39C7B94729453EA700A337DE /* SceneDelegate.swift in Sources */,
				39C7B95B2945545200A337DE /* Stock.swift in Sources */,
				39C7B959294542A100A337DE /* DetailsViewController.swift in Sources */,
			);
			runOnlyForDeploymentPostprocessing = 0;
		};
/* End PBXSourcesBuildPhase section */

/* Begin PBXVariantGroup section */
		39C7B94A29453EA700A337DE /* Main.storyboard */ = {
			isa = PBXVariantGroup;
			children = (
				39C7B94B29453EA700A337DE /* Base */,
			);
			name = Main.storyboard;
			sourceTree = "<group>";
		};
		39C7B94F29453EA900A337DE /* LaunchScreen.storyboard */ = {
			isa = PBXVariantGroup;
			children = (
				39C7B95029453EA900A337DE /* Base */,
			);
			name = LaunchScreen.storyboard;
			sourceTree = "<group>";
		};
/* End PBXVariantGroup section */

/* Begin XCBuildConfiguration section */
		39C7B95329453EA900A337DE /* Debug */ = {
			isa = XCBuildConfiguration;
			buildSettings = {
				ALWAYS_SEARCH_USER_PATHS = NO;
				CLANG_ANALYZER_NONNULL = YES;
				CLANG_ANALYZER_NUMBER_OBJECT_CONVERSION = YES_AGGRESSIVE;
				CLANG_CXX_LANGUAGE_STANDARD = "gnu++20";
				CLANG_ENABLE_MODULES = YES;
				CLANG_ENABLE_OBJC_ARC = YES;
				CLANG_ENABLE_OBJC_WEAK = YES;
				CLANG_WARN_BLOCK_CAPTURE_AUTORELEASING = YES;
				CLANG_WARN_BOOL_CONVERSION = YES;
				CLANG_WARN_COMMA = YES;
				CLANG_WARN_CONSTANT_CONVERSION = YES;
				CLANG_WARN_DEPRECATED_OBJC_IMPLEMENTATIONS = YES;
				CLANG_WARN_DIRECT_OBJC_ISA_USAGE = YES_ERROR;
				CLANG_WARN_DOCUMENTATION_COMMENTS = YES;
				CLANG_WARN_EMPTY_BODY = YES;
				CLANG_WARN_ENUM_CONVERSION = YES;
				CLANG_WARN_INFINITE_RECURSION = YES;
				CLANG_WARN_INT_CONVERSION = YES;
				CLANG_WARN_NON_LITERAL_NULL_CONVERSION = YES;
				CLANG_WARN_OBJC_IMPLICIT_RETAIN_SELF = YES;
				CLANG_WARN_OBJC_LITERAL_CONVERSION = YES;
				CLANG_WARN_OBJC_ROOT_CLASS = YES_ERROR;
				CLANG_WARN_QUOTED_INCLUDE_IN_FRAMEWORK_HEADER = YES;
				CLANG_WARN_RANGE_LOOP_ANALYSIS = YES;
				CLANG_WARN_STRICT_PROTOTYPES = YES;
				CLANG_WARN_SUSPICIOUS_MOVE = YES;
				CLANG_WARN_UNGUARDED_AVAILABILITY = YES_AGGRESSIVE;
				CLANG_WARN_UNREACHABLE_CODE = YES;
				CLANG_WARN__DUPLICATE_METHOD_MATCH = YES;
				COPY_PHASE_STRIP = NO;
				DEBUG_INFORMATION_FORMAT = dwarf;
				ENABLE_STRICT_OBJC_MSGSEND = YES;
				ENABLE_TESTABILITY = YES;
				GCC_C_LANGUAGE_STANDARD = gnu11;
				GCC_DYNAMIC_NO_PIC = NO;
				GCC_NO_COMMON_BLOCKS = YES;
				GCC_OPTIMIZATION_LEVEL = 0;
				GCC_PREPROCESSOR_DEFINITIONS = (
					"DEBUG=1",
					"$(inherited)",
				);
				GCC_WARN_64_TO_32_BIT_CONVERSION = YES;
				GCC_WARN_ABOUT_RETURN_TYPE = YES_ERROR;
				GCC_WARN_UNDECLARED_SELECTOR = YES;
				GCC_WARN_UNINITIALIZED_AUTOS = YES_AGGRESSIVE;
				GCC_WARN_UNUSED_FUNCTION = YES;
				GCC_WARN_UNUSED_VARIABLE = YES;
				IPHONEOS_DEPLOYMENT_TARGET = 16.0;
				MTL_ENABLE_DEBUG_INFO = INCLUDE_SOURCE;
				MTL_FAST_MATH = YES;
				ONLY_ACTIVE_ARCH = YES;
				SDKROOT = iphoneos;
				SWIFT_ACTIVE_COMPILATION_CONDITIONS = DEBUG;
				SWIFT_OPTIMIZATION_LEVEL = "-Onone";
			};
			name = Debug;
		};
		39C7B95429453EA900A337DE /* Release */ = {
			isa = XCBuildConfiguration;
			buildSettings = {
				ALWAYS_SEARCH_USER_PATHS = NO;
				CLANG_ANALYZER_NONNULL = YES;
				CLANG_ANALYZER_NUMBER_OBJECT_CONVERSION = YES_AGGRESSIVE;
				CLANG_CXX_LANGUAGE_STANDARD = "gnu++20";
				CLANG_ENABLE_MODULES = YES;
				CLANG_ENABLE_OBJC_ARC = YES;
				CLANG_ENABLE_OBJC_WEAK = YES;
				CLANG_WARN_BLOCK_CAPTURE_AUTORELEASING = YES;
				CLANG_WARN_BOOL_CONVERSION = YES;
				CLANG_WARN_COMMA = YES;
				CLANG_WARN_CONSTANT_CONVERSION = YES;
				CLANG_WARN_DEPRECATED_OBJC_IMPLEMENTATIONS = YES;
				CLANG_WARN_DIRECT_OBJC_ISA_USAGE = YES_ERROR;
				CLANG_WARN_DOCUMENTATION_COMMENTS = YES;
				CLANG_WARN_EMPTY_BODY = YES;
				CLANG_WARN_ENUM_CONVERSION = YES;
				CLANG_WARN_INFINITE_RECURSION = YES;
				CLANG_WARN_INT_CONVERSION = YES;
				CLANG_WARN_NON_LITERAL_NULL_CONVERSION = YES;
				CLANG_WARN_OBJC_IMPLICIT_RETAIN_SELF = YES;
				CLANG_WARN_OBJC_LITERAL_CONVERSION = YES;
				CLANG_WARN_OBJC_ROOT_CLASS = YES_ERROR;
				CLANG_WARN_QUOTED_INCLUDE_IN_FRAMEWORK_HEADER = YES;
				CLANG_WARN_RANGE_LOOP_ANALYSIS = YES;
				CLANG_WARN_STRICT_PROTOTYPES = YES;
				CLANG_WARN_SUSPICIOUS_MOVE = YES;
				CLANG_WARN_UNGUARDED_AVAILABILITY = YES_AGGRESSIVE;
				CLANG_WARN_UNREACHABLE_CODE = YES;
				CLANG_WARN__DUPLICATE_METHOD_MATCH = YES;
				COPY_PHASE_STRIP = NO;
				DEBUG_INFORMATION_FORMAT = "dwarf-with-dsym";
				ENABLE_NS_ASSERTIONS = NO;
				ENABLE_STRICT_OBJC_MSGSEND = YES;
				GCC_C_LANGUAGE_STANDARD = gnu11;
				GCC_NO_COMMON_BLOCKS = YES;
				GCC_WARN_64_TO_32_BIT_CONVERSION = YES;
				GCC_WARN_ABOUT_RETURN_TYPE = YES_ERROR;
				GCC_WARN_UNDECLARED_SELECTOR = YES;
				GCC_WARN_UNINITIALIZED_AUTOS = YES_AGGRESSIVE;
				GCC_WARN_UNUSED_FUNCTION = YES;
				GCC_WARN_UNUSED_VARIABLE = YES;
				IPHONEOS_DEPLOYMENT_TARGET = 16.0;
				MTL_ENABLE_DEBUG_INFO = NO;
				MTL_FAST_MATH = YES;
				SDKROOT = iphoneos;
				SWIFT_COMPILATION_MODE = wholemodule;
				SWIFT_OPTIMIZATION_LEVEL = "-O";
				VALIDATE_PRODUCT = YES;
			};
			name = Release;
		};
		39C7B95629453EA900A337DE /* Debug */ = {
			isa = XCBuildConfiguration;
			baseConfigurationReference = F1F03D05F23A5D4091BDB721 /* Pods-GetStockPrices.debug.xcconfig */;
			buildSettings = {
				ASSETCATALOG_COMPILER_APPICON_NAME = AppIcon;
				ASSETCATALOG_COMPILER_GLOBAL_ACCENT_COLOR_NAME = AccentColor;
				CODE_SIGN_STYLE = Automatic;
				CURRENT_PROJECT_VERSION = 1;
				DEVELOPMENT_TEAM = 7WKW64XZ9G;
				GENERATE_INFOPLIST_FILE = YES;
				INFOPLIST_FILE = GetStockPrices/Info.plist;
				INFOPLIST_KEY_UIApplicationSupportsIndirectInputEvents = YES;
				INFOPLIST_KEY_UILaunchStoryboardName = LaunchScreen;
				INFOPLIST_KEY_UIMainStoryboardFile = Main;
				INFOPLIST_KEY_UISupportedInterfaceOrientations_iPad = "UIInterfaceOrientationPortrait UIInterfaceOrientationPortraitUpsideDown UIInterfaceOrientationLandscapeLeft UIInterfaceOrientationLandscapeRight";
				INFOPLIST_KEY_UISupportedInterfaceOrientations_iPhone = "UIInterfaceOrientationPortrait UIInterfaceOrientationLandscapeLeft UIInterfaceOrientationLandscapeRight";
				LD_RUNPATH_SEARCH_PATHS = (
					"$(inherited)",
					"@executable_path/Frameworks",
				);
				MARKETING_VERSION = 1.0;
				PRODUCT_BUNDLE_IDENTIFIER = edu.northeastern.yushu.GetStockPrices;
				PRODUCT_NAME = "$(TARGET_NAME)";
				SWIFT_EMIT_LOC_STRINGS = YES;
				SWIFT_VERSION = 5.0;
				TARGETED_DEVICE_FAMILY = "1,2";
			};
			name = Debug;
		};
		39C7B95729453EA900A337DE /* Release */ = {
			isa = XCBuildConfiguration;
			baseConfigurationReference = 8B8B75DEBE30E3C84C66C77E /* Pods-GetStockPrices.release.xcconfig */;
			buildSettings = {
				ASSETCATALOG_COMPILER_APPICON_NAME = AppIcon;
				ASSETCATALOG_COMPILER_GLOBAL_ACCENT_COLOR_NAME = AccentColor;
				CODE_SIGN_STYLE = Automatic;
				CURRENT_PROJECT_VERSION = 1;
				DEVELOPMENT_TEAM = 7WKW64XZ9G;
				GENERATE_INFOPLIST_FILE = YES;
				INFOPLIST_FILE = GetStockPrices/Info.plist;
				INFOPLIST_KEY_UIApplicationSupportsIndirectInputEvents = YES;
				INFOPLIST_KEY_UILaunchStoryboardName = LaunchScreen;
				INFOPLIST_KEY_UIMainStoryboardFile = Main;
				INFOPLIST_KEY_UISupportedInterfaceOrientations_iPad = "UIInterfaceOrientationPortrait UIInterfaceOrientationPortraitUpsideDown UIInterfaceOrientationLandscapeLeft UIInterfaceOrientationLandscapeRight";
				INFOPLIST_KEY_UISupportedInterfaceOrientations_iPhone = "UIInterfaceOrientationPortrait UIInterfaceOrientationLandscapeLeft UIInterfaceOrientationLandscapeRight";
				LD_RUNPATH_SEARCH_PATHS = (
					"$(inherited)",
					"@executable_path/Frameworks",
				);
				MARKETING_VERSION = 1.0;
				PRODUCT_BUNDLE_IDENTIFIER = edu.northeastern.yushu.GetStockPrices;
				PRODUCT_NAME = "$(TARGET_NAME)";
				SWIFT_EMIT_LOC_STRINGS = YES;
				SWIFT_VERSION = 5.0;
				TARGETED_DEVICE_FAMILY = "1,2";
			};
			name = Release;
		};
/* End XCBuildConfiguration section */

/* Begin XCConfigurationList section */
		39C7B93C29453EA700A337DE /* Build configuration list for PBXProject "GetStockPrices" */ = {
			isa = XCConfigurationList;
			buildConfigurations = (
				39C7B95329453EA900A337DE /* Debug */,
				39C7B95429453EA900A337DE /* Release */,
			);
			defaultConfigurationIsVisible = 0;
			defaultConfigurationName = Release;
		};
		39C7B95529453EA900A337DE /* Build configuration list for PBXNativeTarget "GetStockPrices" */ = {
			isa = XCConfigurationList;
			buildConfigurations = (
				39C7B95629453EA900A337DE /* Debug */,
				39C7B95729453EA900A337DE /* Release */,
			);
			defaultConfigurationIsVisible = 0;
			defaultConfigurationName = Release;
		};
/* End XCConfigurationList section */
	};
	rootObject = 39C7B93929453EA700A337DE /* Project object */;
}
